// !$*UTF8*$!
{
	archiveVersion = 1;
	classes = {
	};
	objectVersion = 50;
	objects = {

/* Begin PBXBuildFile section */
		552F3BDB45F1CED8E015246A /* Pods_SwiftGenTests.framework in Frameworks */ = {isa = PBXBuildFile; fileRef = 367C308396904EBD234D7310 /* Pods_SwiftGenTests.framework */; };
		82C5052B7555FE49E4F6E2E0 /* Pods_SwiftGenUITests.framework in Frameworks */ = {isa = PBXBuildFile; fileRef = 818FC80AB7982BF33710024C /* Pods_SwiftGenUITests.framework */; };
		BFCA6BDB215D80FC00C7736B /* AppDelegate.swift in Sources */ = {isa = PBXBuildFile; fileRef = BFCA6BDA215D80FC00C7736B /* AppDelegate.swift */; };
		BFCA6BDD215D80FC00C7736B /* ViewController.swift in Sources */ = {isa = PBXBuildFile; fileRef = BFCA6BDC215D80FC00C7736B /* ViewController.swift */; };
		BFCA6BE0215D80FC00C7736B /* Main.storyboard in Resources */ = {isa = PBXBuildFile; fileRef = BFCA6BDE215D80FC00C7736B /* Main.storyboard */; };
		BFCA6BE2215D80FF00C7736B /* Assets.xcassets in Resources */ = {isa = PBXBuildFile; fileRef = BFCA6BE1215D80FF00C7736B /* Assets.xcassets */; };
		BFCA6BE5215D80FF00C7736B /* LaunchScreen.storyboard in Resources */ = {isa = PBXBuildFile; fileRef = BFCA6BE3215D80FF00C7736B /* LaunchScreen.storyboard */; };
		BFCA6BF0215D80FF00C7736B /* SwiftGenTests.swift in Sources */ = {isa = PBXBuildFile; fileRef = BFCA6BEF215D80FF00C7736B /* SwiftGenTests.swift */; };
		BFCA6BFB215D80FF00C7736B /* SwiftGenUITests.swift in Sources */ = {isa = PBXBuildFile; fileRef = BFCA6BFA215D80FF00C7736B /* SwiftGenUITests.swift */; };
		BFCA6C09215D814600C7736B /* ClassAViewController.swift in Sources */ = {isa = PBXBuildFile; fileRef = BFCA6C08215D814600C7736B /* ClassAViewController.swift */; };
		BFCA6C0B215D815900C7736B /* ClassBViewController.swift in Sources */ = {isa = PBXBuildFile; fileRef = BFCA6C0A215D815900C7736B /* ClassBViewController.swift */; };
		BFCA6C0D215D816200C7736B /* ClassCViewController.swift in Sources */ = {isa = PBXBuildFile; fileRef = BFCA6C0C215D816200C7736B /* ClassCViewController.swift */; };
		BFCA6C10215D821700C7736B /* SecondStoryboard.storyboard in Resources */ = {isa = PBXBuildFile; fileRef = BFCA6C0E215D821700C7736B /* SecondStoryboard.storyboard */; };
		BFCA6C18215D845B00C7736B /* seguestemplate.stencil in Resources */ = {isa = PBXBuildFile; fileRef = BFCA6C17215D845B00C7736B /* seguestemplate.stencil */; };
		BFCA6C1A215D846E00C7736B /* segues.swift in Sources */ = {isa = PBXBuildFile; fileRef = BFCA6C19215D846E00C7736B /* segues.swift */; };
		BFCA6C24215D87D900C7736B /* scenestemplate.stencil in Resources */ = {isa = PBXBuildFile; fileRef = BFCA6C23215D87D900C7736B /* scenestemplate.stencil */; };
		BFCA6C26215D882400C7736B /* storyboards.swift in Sources */ = {isa = PBXBuildFile; fileRef = BFCA6C25215D882400C7736B /* storyboards.swift */; };
		F0B3E97AAAEAF9FBF8C3D167 /* Pods_SwiftGen.framework in Frameworks */ = {isa = PBXBuildFile; fileRef = 7A0D190B7CE5235D3E64A778 /* Pods_SwiftGen.framework */; };
/* End PBXBuildFile section */

/* Begin PBXContainerItemProxy section */
		BFCA6BEC215D80FF00C7736B /* PBXContainerItemProxy */ = {
			isa = PBXContainerItemProxy;
			containerPortal = BFCA6BCF215D80FC00C7736B /* Project object */;
			proxyType = 1;
			remoteGlobalIDString = BFCA6BD6215D80FC00C7736B;
			remoteInfo = SwiftGen;
		};
		BFCA6BF7215D80FF00C7736B /* PBXContainerItemProxy */ = {
			isa = PBXContainerItemProxy;
			containerPortal = BFCA6BCF215D80FC00C7736B /* Project object */;
			proxyType = 1;
			remoteGlobalIDString = BFCA6BD6215D80FC00C7736B;
			remoteInfo = SwiftGen;
		};
/* End PBXContainerItemProxy section */

/* Begin PBXFileReference section */
		01278748D84C30AD6DEA5831 /* Pods-SwiftGenUITests.release.xcconfig */ = {isa = PBXFileReference; includeInIndex = 1; lastKnownFileType = text.xcconfig; name = "Pods-SwiftGenUITests.release.xcconfig"; path = "Pods/Target Support Files/Pods-SwiftGenUITests/Pods-SwiftGenUITests.release.xcconfig"; sourceTree = "<group>"; };
		367C308396904EBD234D7310 /* Pods_SwiftGenTests.framework */ = {isa = PBXFileReference; explicitFileType = wrapper.framework; includeInIndex = 0; path = Pods_SwiftGenTests.framework; sourceTree = BUILT_PRODUCTS_DIR; };
		6F4447D0E127C497C7A337AB /* Pods-SwiftGenUITests.debug.xcconfig */ = {isa = PBXFileReference; includeInIndex = 1; lastKnownFileType = text.xcconfig; name = "Pods-SwiftGenUITests.debug.xcconfig"; path = "Pods/Target Support Files/Pods-SwiftGenUITests/Pods-SwiftGenUITests.debug.xcconfig"; sourceTree = "<group>"; };
		7A0D190B7CE5235D3E64A778 /* Pods_SwiftGen.framework */ = {isa = PBXFileReference; explicitFileType = wrapper.framework; includeInIndex = 0; path = Pods_SwiftGen.framework; sourceTree = BUILT_PRODUCTS_DIR; };
		818FC80AB7982BF33710024C /* Pods_SwiftGenUITests.framework */ = {isa = PBXFileReference; explicitFileType = wrapper.framework; includeInIndex = 0; path = Pods_SwiftGenUITests.framework; sourceTree = BUILT_PRODUCTS_DIR; };
		973ABC895E4248FDFFB210EB /* Pods-SwiftGenTests.debug.xcconfig */ = {isa = PBXFileReference; includeInIndex = 1; lastKnownFileType = text.xcconfig; name = "Pods-SwiftGenTests.debug.xcconfig"; path = "Pods/Target Support Files/Pods-SwiftGenTests/Pods-SwiftGenTests.debug.xcconfig"; sourceTree = "<group>"; };
		A0A3F0747DF8C9A01C74EF11 /* Pods-SwiftGen.debug.xcconfig */ = {isa = PBXFileReference; includeInIndex = 1; lastKnownFileType = text.xcconfig; name = "Pods-SwiftGen.debug.xcconfig"; path = "Pods/Target Support Files/Pods-SwiftGen/Pods-SwiftGen.debug.xcconfig"; sourceTree = "<group>"; };
		A86923B5D0CFF8D1B035F912 /* Pods-SwiftGen.release.xcconfig */ = {isa = PBXFileReference; includeInIndex = 1; lastKnownFileType = text.xcconfig; name = "Pods-SwiftGen.release.xcconfig"; path = "Pods/Target Support Files/Pods-SwiftGen/Pods-SwiftGen.release.xcconfig"; sourceTree = "<group>"; };
		BF71CF4B215D8B4A008AEE1B /* en */ = {isa = PBXFileReference; lastKnownFileType = file.storyboard; name = en; path = en.lproj/Main.storyboard; sourceTree = "<group>"; };
		BF71CF4C215D8B4D008AEE1B /* fr */ = {isa = PBXFileReference; lastKnownFileType = file.storyboard; name = fr; path = fr.lproj/Main.storyboard; sourceTree = "<group>"; };
		BFCA6BD7215D80FC00C7736B /* SwiftGen.app */ = {isa = PBXFileReference; explicitFileType = wrapper.application; includeInIndex = 0; path = SwiftGen.app; sourceTree = BUILT_PRODUCTS_DIR; };
		BFCA6BDA215D80FC00C7736B /* AppDelegate.swift */ = {isa = PBXFileReference; lastKnownFileType = sourcecode.swift; path = AppDelegate.swift; sourceTree = "<group>"; };
		BFCA6BDC215D80FC00C7736B /* ViewController.swift */ = {isa = PBXFileReference; lastKnownFileType = sourcecode.swift; path = ViewController.swift; sourceTree = "<group>"; };
		BFCA6BDF215D80FC00C7736B /* Base */ = {isa = PBXFileReference; lastKnownFileType = file.storyboard; name = Base; path = Base.lproj/Main.storyboard; sourceTree = "<group>"; };
		BFCA6BE1215D80FF00C7736B /* Assets.xcassets */ = {isa = PBXFileReference; lastKnownFileType = folder.assetcatalog; path = Assets.xcassets; sourceTree = "<group>"; };
		BFCA6BE4215D80FF00C7736B /* Base */ = {isa = PBXFileReference; lastKnownFileType = file.storyboard; name = Base; path = Base.lproj/LaunchScreen.storyboard; sourceTree = "<group>"; };
		BFCA6BE6215D80FF00C7736B /* Info.plist */ = {isa = PBXFileReference; lastKnownFileType = text.plist.xml; path = Info.plist; sourceTree = "<group>"; };
		BFCA6BEB215D80FF00C7736B /* SwiftGenTests.xctest */ = {isa = PBXFileReference; explicitFileType = wrapper.cfbundle; includeInIndex = 0; path = SwiftGenTests.xctest; sourceTree = BUILT_PRODUCTS_DIR; };
		BFCA6BEF215D80FF00C7736B /* SwiftGenTests.swift */ = {isa = PBXFileReference; lastKnownFileType = sourcecode.swift; path = SwiftGenTests.swift; sourceTree = "<group>"; };
		BFCA6BF1215D80FF00C7736B /* Info.plist */ = {isa = PBXFileReference; lastKnownFileType = text.plist.xml; path = Info.plist; sourceTree = "<group>"; };
		BFCA6BF6215D80FF00C7736B /* SwiftGenUITests.xctest */ = {isa = PBXFileReference; explicitFileType = wrapper.cfbundle; includeInIndex = 0; path = SwiftGenUITests.xctest; sourceTree = BUILT_PRODUCTS_DIR; };
		BFCA6BFA215D80FF00C7736B /* SwiftGenUITests.swift */ = {isa = PBXFileReference; lastKnownFileType = sourcecode.swift; path = SwiftGenUITests.swift; sourceTree = "<group>"; };
		BFCA6BFC215D80FF00C7736B /* Info.plist */ = {isa = PBXFileReference; lastKnownFileType = text.plist.xml; path = Info.plist; sourceTree = "<group>"; };
		BFCA6C08215D814600C7736B /* ClassAViewController.swift */ = {isa = PBXFileReference; lastKnownFileType = sourcecode.swift; path = ClassAViewController.swift; sourceTree = "<group>"; };
		BFCA6C0A215D815900C7736B /* ClassBViewController.swift */ = {isa = PBXFileReference; lastKnownFileType = sourcecode.swift; path = ClassBViewController.swift; sourceTree = "<group>"; };
		BFCA6C0C215D816200C7736B /* ClassCViewController.swift */ = {isa = PBXFileReference; lastKnownFileType = sourcecode.swift; path = ClassCViewController.swift; sourceTree = "<group>"; };
		BFCA6C0F215D821700C7736B /* Base */ = {isa = PBXFileReference; lastKnownFileType = file.storyboard; name = Base; path = SwiftGen/Base.lproj/SecondStoryboard.storyboard; sourceTree = "<group>"; };
		BFCA6C17215D845B00C7736B /* seguestemplate.stencil */ = {isa = PBXFileReference; fileEncoding = 4; lastKnownFileType = text; path = seguestemplate.stencil; sourceTree = "<group>"; };
		BFCA6C19215D846E00C7736B /* segues.swift */ = {isa = PBXFileReference; fileEncoding = 4; lastKnownFileType = sourcecode.swift; path = segues.swift; sourceTree = "<group>"; };
		BFCA6C1F215D878900C7736B /* en */ = {isa = PBXFileReference; lastKnownFileType = file.storyboard; name = en; path = en.lproj/LaunchScreen.storyboard; sourceTree = "<group>"; };
		BFCA6C20215D87A400C7736B /* fr */ = {isa = PBXFileReference; lastKnownFileType = text.plist.strings; name = fr; path = fr.lproj/LaunchScreen.strings; sourceTree = "<group>"; };
		BFCA6C21215D87A400C7736B /* fr */ = {isa = PBXFileReference; lastKnownFileType = text.plist.strings; name = fr; path = SwiftGen/fr.lproj/SecondStoryboard.strings; sourceTree = "<group>"; };
		BFCA6C23215D87D900C7736B /* scenestemplate.stencil */ = {isa = PBXFileReference; fileEncoding = 4; lastKnownFileType = text; path = scenestemplate.stencil; sourceTree = "<group>"; };
		BFCA6C25215D882400C7736B /* storyboards.swift */ = {isa = PBXFileReference; fileEncoding = 4; lastKnownFileType = sourcecode.swift; path = storyboards.swift; sourceTree = "<group>"; };
		F4031C6495C2F77A84B73D73 /* Pods-SwiftGenTests.release.xcconfig */ = {isa = PBXFileReference; includeInIndex = 1; lastKnownFileType = text.xcconfig; name = "Pods-SwiftGenTests.release.xcconfig"; path = "Pods/Target Support Files/Pods-SwiftGenTests/Pods-SwiftGenTests.release.xcconfig"; sourceTree = "<group>"; };
/* End PBXFileReference section */

/* Begin PBXFrameworksBuildPhase section */
		BFCA6BD4215D80FC00C7736B /* Frameworks */ = {
			isa = PBXFrameworksBuildPhase;
			buildActionMask = 2147483647;
			files = (
				F0B3E97AAAEAF9FBF8C3D167 /* Pods_SwiftGen.framework in Frameworks */,
			);
			runOnlyForDeploymentPostprocessing = 0;
		};
		BFCA6BE8215D80FF00C7736B /* Frameworks */ = {
			isa = PBXFrameworksBuildPhase;
			buildActionMask = 2147483647;
			files = (
				552F3BDB45F1CED8E015246A /* Pods_SwiftGenTests.framework in Frameworks */,
			);
			runOnlyForDeploymentPostprocessing = 0;
		};
		BFCA6BF3215D80FF00C7736B /* Frameworks */ = {
			isa = PBXFrameworksBuildPhase;
			buildActionMask = 2147483647;
			files = (
				82C5052B7555FE49E4F6E2E0 /* Pods_SwiftGenUITests.framework in Frameworks */,
			);
			runOnlyForDeploymentPostprocessing = 0;
		};
/* End PBXFrameworksBuildPhase section */

/* Begin PBXGroup section */
		5C57C053A26B0C0713F3C5CE /* Frameworks */ = {
			isa = PBXGroup;
			children = (
				7A0D190B7CE5235D3E64A778 /* Pods_SwiftGen.framework */,
				367C308396904EBD234D7310 /* Pods_SwiftGenTests.framework */,
				818FC80AB7982BF33710024C /* Pods_SwiftGenUITests.framework */,
			);
			name = Frameworks;
			sourceTree = "<group>";
		};
		614D58C44C6CC8114F7590EC /* Pods */ = {
			isa = PBXGroup;
			children = (
				A0A3F0747DF8C9A01C74EF11 /* Pods-SwiftGen.debug.xcconfig */,
				A86923B5D0CFF8D1B035F912 /* Pods-SwiftGen.release.xcconfig */,
				973ABC895E4248FDFFB210EB /* Pods-SwiftGenTests.debug.xcconfig */,
				F4031C6495C2F77A84B73D73 /* Pods-SwiftGenTests.release.xcconfig */,
				6F4447D0E127C497C7A337AB /* Pods-SwiftGenUITests.debug.xcconfig */,
				01278748D84C30AD6DEA5831 /* Pods-SwiftGenUITests.release.xcconfig */,
			);
			name = Pods;
			sourceTree = "<group>";
		};
		BFCA6BCE215D80FC00C7736B = {
			isa = PBXGroup;
			children = (
				BFCA6BD9215D80FC00C7736B /* SwiftGen */,
				BFCA6BEE215D80FF00C7736B /* SwiftGenTests */,
				BFCA6BF9215D80FF00C7736B /* SwiftGenUITests */,
				BFCA6BD8215D80FC00C7736B /* Products */,
				614D58C44C6CC8114F7590EC /* Pods */,
				5C57C053A26B0C0713F3C5CE /* Frameworks */,
			);
			sourceTree = "<group>";
		};
		BFCA6BD8215D80FC00C7736B /* Products */ = {
			isa = PBXGroup;
			children = (
				BFCA6BD7215D80FC00C7736B /* SwiftGen.app */,
				BFCA6BEB215D80FF00C7736B /* SwiftGenTests.xctest */,
				BFCA6BF6215D80FF00C7736B /* SwiftGenUITests.xctest */,
			);
			name = Products;
			sourceTree = "<group>";
		};
		BFCA6BD9215D80FC00C7736B /* SwiftGen */ = {
			isa = PBXGroup;
			children = (
				BFCA6C12215D833000C7736B /* SupportFiles */,
				BFCA6BDA215D80FC00C7736B /* AppDelegate.swift */,
				BFCA6BDC215D80FC00C7736B /* ViewController.swift */,
				BFCA6BE1215D80FF00C7736B /* Assets.xcassets */,
				BFCA6BE6215D80FF00C7736B /* Info.plist */,
				BFCA6C08215D814600C7736B /* ClassAViewController.swift */,
				BFCA6C0A215D815900C7736B /* ClassBViewController.swift */,
				BFCA6C0C215D816200C7736B /* ClassCViewController.swift */,
			);
			path = SwiftGen;
			sourceTree = "<group>";
		};
		BFCA6BEE215D80FF00C7736B /* SwiftGenTests */ = {
			isa = PBXGroup;
			children = (
				BFCA6BEF215D80FF00C7736B /* SwiftGenTests.swift */,
				BFCA6BF1215D80FF00C7736B /* Info.plist */,
			);
			path = SwiftGenTests;
			sourceTree = "<group>";
		};
		BFCA6BF9215D80FF00C7736B /* SwiftGenUITests */ = {
			isa = PBXGroup;
			children = (
				BFCA6BFA215D80FF00C7736B /* SwiftGenUITests.swift */,
				BFCA6BFC215D80FF00C7736B /* Info.plist */,
			);
			path = SwiftGenUITests;
			sourceTree = "<group>";
		};
		BFCA6C12215D833000C7736B /* SupportFiles */ = {
			isa = PBXGroup;
			children = (
				BFCA6C23215D87D900C7736B /* scenestemplate.stencil */,
				BFCA6C17215D845B00C7736B /* seguestemplate.stencil */,
				BFCA6C14215D833D00C7736B /* Storyboards */,
				BFCA6C13215D833700C7736B /* Generated */,
			);
			path = SupportFiles;
			sourceTree = "<group>";
		};
		BFCA6C13215D833700C7736B /* Generated */ = {
			isa = PBXGroup;
			children = (
				BFCA6C25215D882400C7736B /* storyboards.swift */,
				BFCA6C19215D846E00C7736B /* segues.swift */,
			);
			path = Generated;
			sourceTree = "<group>";
		};
		BFCA6C14215D833D00C7736B /* Storyboards */ = {
			isa = PBXGroup;
			children = (
				BFCA6BE3215D80FF00C7736B /* LaunchScreen.storyboard */,
				BFCA6C0E215D821700C7736B /* SecondStoryboard.storyboard */,
				BFCA6BDE215D80FC00C7736B /* Main.storyboard */,
			);
			path = Storyboards;
			sourceTree = "<group>";
		};
/* End PBXGroup section */

/* Begin PBXNativeTarget section */
		BFCA6BD6215D80FC00C7736B /* SwiftGen */ = {
			isa = PBXNativeTarget;
			buildConfigurationList = BFCA6BFF215D80FF00C7736B /* Build configuration list for PBXNativeTarget "SwiftGen" */;
			buildPhases = (
				9DA83C9D9D7BA17562DE80C4 /* [CP] Check Pods Manifest.lock */,
				BFCA6C11215D830C00C7736B /* SwiftGen */,
				BFCA6BD3215D80FC00C7736B /* Sources */,
				BFCA6BD4215D80FC00C7736B /* Frameworks */,
				BFCA6BD5215D80FC00C7736B /* Resources */,
			);
			buildRules = (
			);
			dependencies = (
			);
			name = SwiftGen;
			productName = SwiftGen;
			productReference = BFCA6BD7215D80FC00C7736B /* SwiftGen.app */;
			productType = "com.apple.product-type.application";
		};
		BFCA6BEA215D80FF00C7736B /* SwiftGenTests */ = {
			isa = PBXNativeTarget;
			buildConfigurationList = BFCA6C02215D80FF00C7736B /* Build configuration list for PBXNativeTarget "SwiftGenTests" */;
			buildPhases = (
				6165E14887B73C83B25A75AD /* [CP] Check Pods Manifest.lock */,
				BFCA6BE7215D80FF00C7736B /* Sources */,
				BFCA6BE8215D80FF00C7736B /* Frameworks */,
				BFCA6BE9215D80FF00C7736B /* Resources */,
			);
			buildRules = (
			);
			dependencies = (
				BFCA6BED215D80FF00C7736B /* PBXTargetDependency */,
			);
			name = SwiftGenTests;
			productName = SwiftGenTests;
			productReference = BFCA6BEB215D80FF00C7736B /* SwiftGenTests.xctest */;
			productType = "com.apple.product-type.bundle.unit-test";
		};
		BFCA6BF5215D80FF00C7736B /* SwiftGenUITests */ = {
			isa = PBXNativeTarget;
			buildConfigurationList = BFCA6C05215D80FF00C7736B /* Build configuration list for PBXNativeTarget "SwiftGenUITests" */;
			buildPhases = (
				E28CF0E335010923DC727FBF /* [CP] Check Pods Manifest.lock */,
				BFCA6BF2215D80FF00C7736B /* Sources */,
				BFCA6BF3215D80FF00C7736B /* Frameworks */,
				BFCA6BF4215D80FF00C7736B /* Resources */,
			);
			buildRules = (
			);
			dependencies = (
				BFCA6BF8215D80FF00C7736B /* PBXTargetDependency */,
			);
			name = SwiftGenUITests;
			productName = SwiftGenUITests;
			productReference = BFCA6BF6215D80FF00C7736B /* SwiftGenUITests.xctest */;
			productType = "com.apple.product-type.bundle.ui-testing";
		};
/* End PBXNativeTarget section */

/* Begin PBXProject section */
		BFCA6BCF215D80FC00C7736B /* Project object */ = {
			isa = PBXProject;
			attributes = {
				LastSwiftUpdateCheck = 0940;
				LastUpgradeCheck = 0940;
				ORGANIZATIONNAME = "Lena Brusilovski";
				TargetAttributes = {
					BFCA6BD6215D80FC00C7736B = {
						CreatedOnToolsVersion = 9.4.1;
					};
					BFCA6BEA215D80FF00C7736B = {
						CreatedOnToolsVersion = 9.4.1;
						TestTargetID = BFCA6BD6215D80FC00C7736B;
					};
					BFCA6BF5215D80FF00C7736B = {
						CreatedOnToolsVersion = 9.4.1;
						TestTargetID = BFCA6BD6215D80FC00C7736B;
					};
				};
			};
			buildConfigurationList = BFCA6BD2215D80FC00C7736B /* Build configuration list for PBXProject "SwiftGen" */;
			compatibilityVersion = "Xcode 9.3";
			developmentRegion = en;
			hasScannedForEncodings = 0;
			knownRegions = (
				en,
				Base,
			);
			mainGroup = BFCA6BCE215D80FC00C7736B;
			productRefGroup = BFCA6BD8215D80FC00C7736B /* Products */;
			projectDirPath = "";
			projectRoot = "";
			targets = (
				BFCA6BD6215D80FC00C7736B /* SwiftGen */,
				BFCA6BEA215D80FF00C7736B /* SwiftGenTests */,
				BFCA6BF5215D80FF00C7736B /* SwiftGenUITests */,
			);
		};
/* End PBXProject section */

/* Begin PBXResourcesBuildPhase section */
		BFCA6BD5215D80FC00C7736B /* Resources */ = {
			isa = PBXResourcesBuildPhase;
			buildActionMask = 2147483647;
			files = (
				BFCA6C18215D845B00C7736B /* seguestemplate.stencil in Resources */,
				BFCA6C24215D87D900C7736B /* scenestemplate.stencil in Resources */,
				BFCA6BE5215D80FF00C7736B /* LaunchScreen.storyboard in Resources */,
				BFCA6BE2215D80FF00C7736B /* Assets.xcassets in Resources */,
				BFCA6BE0215D80FC00C7736B /* Main.storyboard in Resources */,
				BFCA6C10215D821700C7736B /* SecondStoryboard.storyboard in Resources */,
			);
			runOnlyForDeploymentPostprocessing = 0;
		};
		BFCA6BE9215D80FF00C7736B /* Resources */ = {
			isa = PBXResourcesBuildPhase;
			buildActionMask = 2147483647;
			files = (
			);
			runOnlyForDeploymentPostprocessing = 0;
		};
		BFCA6BF4215D80FF00C7736B /* Resources */ = {
			isa = PBXResourcesBuildPhase;
			buildActionMask = 2147483647;
			files = (
			);
			runOnlyForDeploymentPostprocessing = 0;
		};
/* End PBXResourcesBuildPhase section */

/* Begin PBXShellScriptBuildPhase section */
		6165E14887B73C83B25A75AD /* [CP] Check Pods Manifest.lock */ = {
			isa = PBXShellScriptBuildPhase;
			buildActionMask = 2147483647;
			files = (
			);
			inputPaths = (
				"${PODS_PODFILE_DIR_PATH}/Podfile.lock",
				"${PODS_ROOT}/Manifest.lock",
			);
			name = "[CP] Check Pods Manifest.lock";
			outputPaths = (
				"$(DERIVED_FILE_DIR)/Pods-SwiftGenTests-checkManifestLockResult.txt",
			);
			runOnlyForDeploymentPostprocessing = 0;
			shellPath = /bin/sh;
			shellScript = "diff \"${PODS_PODFILE_DIR_PATH}/Podfile.lock\" \"${PODS_ROOT}/Manifest.lock\" > /dev/null\nif [ $? != 0 ] ; then\n    # print error to STDERR\n    echo \"error: The sandbox is not in sync with the Podfile.lock. Run 'pod install' or update your CocoaPods installation.\" >&2\n    exit 1\nfi\n# This output is used by Xcode 'outputs' to avoid re-running this script phase.\necho \"SUCCESS\" > \"${SCRIPT_OUTPUT_FILE_0}\"\n";
			showEnvVarsInLog = 0;
		};
		9DA83C9D9D7BA17562DE80C4 /* [CP] Check Pods Manifest.lock */ = {
			isa = PBXShellScriptBuildPhase;
			buildActionMask = 2147483647;
			files = (
			);
			inputPaths = (
				"${PODS_PODFILE_DIR_PATH}/Podfile.lock",
				"${PODS_ROOT}/Manifest.lock",
			);
			name = "[CP] Check Pods Manifest.lock";
			outputPaths = (
				"$(DERIVED_FILE_DIR)/Pods-SwiftGen-checkManifestLockResult.txt",
			);
			runOnlyForDeploymentPostprocessing = 0;
			shellPath = /bin/sh;
			shellScript = "diff \"${PODS_PODFILE_DIR_PATH}/Podfile.lock\" \"${PODS_ROOT}/Manifest.lock\" > /dev/null\nif [ $? != 0 ] ; then\n    # print error to STDERR\n    echo \"error: The sandbox is not in sync with the Podfile.lock. Run 'pod install' or update your CocoaPods installation.\" >&2\n    exit 1\nfi\n# This output is used by Xcode 'outputs' to avoid re-running this script phase.\necho \"SUCCESS\" > \"${SCRIPT_OUTPUT_FILE_0}\"\n";
			showEnvVarsInLog = 0;
		};
		BFCA6C11215D830C00C7736B /* SwiftGen */ = {
			isa = PBXShellScriptBuildPhase;
			buildActionMask = 2147483647;
			files = (
			);
			inputPaths = (
			);
			name = SwiftGen;
			outputPaths = (
			);
			runOnlyForDeploymentPostprocessing = 0;
			shellPath = /bin/sh;
			shellScript = "$PODS_ROOT/SwiftGen/bin/swiftgen storyboards -p ${PROJECT_DIR}/SwiftGen/SupportFiles/seguestemplate.stencil -o ${PROJECT_DIR}/SwiftGen/SupportFiles/Generated/segues.swift ${PROJECT_DIR}/SwiftGen/SupportFiles/Storyboards\n\n$PODS_ROOT/SwiftGen/bin/swiftgen storyboards -p ${PROJECT_DIR}/SwiftGen/SupportFiles/scenestemplate.stencil -o ${PROJECT_DIR}/SwiftGen/SupportFiles/Generated/storyboards.swift ${PROJECT_DIR}/SwiftGen/SupportFiles/Storyboards";
		};
		E28CF0E335010923DC727FBF /* [CP] Check Pods Manifest.lock */ = {
			isa = PBXShellScriptBuildPhase;
			buildActionMask = 2147483647;
			files = (
			);
			inputPaths = (
				"${PODS_PODFILE_DIR_PATH}/Podfile.lock",
				"${PODS_ROOT}/Manifest.lock",
			);
			name = "[CP] Check Pods Manifest.lock";
			outputPaths = (
				"$(DERIVED_FILE_DIR)/Pods-SwiftGenUITests-checkManifestLockResult.txt",
			);
			runOnlyForDeploymentPostprocessing = 0;
			shellPath = /bin/sh;
			shellScript = "diff \"${PODS_PODFILE_DIR_PATH}/Podfile.lock\" \"${PODS_ROOT}/Manifest.lock\" > /dev/null\nif [ $? != 0 ] ; then\n    # print error to STDERR\n    echo \"error: The sandbox is not in sync with the Podfile.lock. Run 'pod install' or update your CocoaPods installation.\" >&2\n    exit 1\nfi\n# This output is used by Xcode 'outputs' to avoid re-running this script phase.\necho \"SUCCESS\" > \"${SCRIPT_OUTPUT_FILE_0}\"\n";
			showEnvVarsInLog = 0;
		};
/* End PBXShellScriptBuildPhase section */

/* Begin PBXSourcesBuildPhase section */
		BFCA6BD3215D80FC00C7736B /* Sources */ = {
			isa = PBXSourcesBuildPhase;
			buildActionMask = 2147483647;
			files = (
				BFCA6C0D215D816200C7736B /* ClassCViewController.swift in Sources */,
				BFCA6C26215D882400C7736B /* storyboards.swift in Sources */,
				BFCA6C0B215D815900C7736B /* ClassBViewController.swift in Sources */,
				BFCA6C09215D814600C7736B /* ClassAViewController.swift in Sources */,
				BFCA6BDD215D80FC00C7736B /* ViewController.swift in Sources */,
				BFCA6BDB215D80FC00C7736B /* AppDelegate.swift in Sources */,
				BFCA6C1A215D846E00C7736B /* segues.swift in Sources */,
			);
			runOnlyForDeploymentPostprocessing = 0;
		};
		BFCA6BE7215D80FF00C7736B /* Sources */ = {
			isa = PBXSourcesBuildPhase;
			buildActionMask = 2147483647;
			files = (
				BFCA6BF0215D80FF00C7736B /* SwiftGenTests.swift in Sources */,
			);
			runOnlyForDeploymentPostprocessing = 0;
		};
		BFCA6BF2215D80FF00C7736B /* Sources */ = {
			isa = PBXSourcesBuildPhase;
			buildActionMask = 2147483647;
			files = (
				BFCA6BFB215D80FF00C7736B /* SwiftGenUITests.swift in Sources */,
			);
			runOnlyForDeploymentPostprocessing = 0;
		};
/* End PBXSourcesBuildPhase section */

/* Begin PBXTargetDependency section */
		BFCA6BED215D80FF00C7736B /* PBXTargetDependency */ = {
			isa = PBXTargetDependency;
			target = BFCA6BD6215D80FC00C7736B /* SwiftGen */;
			targetProxy = BFCA6BEC215D80FF00C7736B /* PBXContainerItemProxy */;
		};
		BFCA6BF8215D80FF00C7736B /* PBXTargetDependency */ = {
			isa = PBXTargetDependency;
			target = BFCA6BD6215D80FC00C7736B /* SwiftGen */;
			targetProxy = BFCA6BF7215D80FF00C7736B /* PBXContainerItemProxy */;
		};
/* End PBXTargetDependency section */

/* Begin PBXVariantGroup section */
		BFCA6BDE215D80FC00C7736B /* Main.storyboard */ = {
			isa = PBXVariantGroup;
			children = (
				BFCA6BDF215D80FC00C7736B /* Base */,
				BF71CF4B215D8B4A008AEE1B /* en */,
				BF71CF4C215D8B4D008AEE1B /* fr */,
			);
			name = Main.storyboard;
			sourceTree = "<group>";
		};
		BFCA6BE3215D80FF00C7736B /* LaunchScreen.storyboard */ = {
			isa = PBXVariantGroup;
			children = (
				BFCA6BE4215D80FF00C7736B /* Base */,
				BFCA6C1F215D878900C7736B /* en */,
				BFCA6C20215D87A400C7736B /* fr */,
			);
			name = LaunchScreen.storyboard;
			sourceTree = "<group>";
		};
		BFCA6C0E215D821700C7736B /* SecondStoryboard.storyboard */ = {
			isa = PBXVariantGroup;
			children = (
				BFCA6C0F215D821700C7736B /* Base */,
				BFCA6C21215D87A400C7736B /* fr */,
			);
			name = SecondStoryboard.storyboard;
			sourceTree = "<group>";
		};
/* End PBXVariantGroup section */

/* Begin XCBuildConfiguration section */
		BFCA6BFD215D80FF00C7736B /* Debug */ = {
			isa = XCBuildConfiguration;
			buildSettings = {
				ALWAYS_SEARCH_USER_PATHS = NO;
				CLANG_ANALYZER_LOCALIZABILITY_NONLOCALIZED = YES;
				CLANG_ANALYZER_NONNULL = YES;
				CLANG_ANALYZER_NUMBER_OBJECT_CONVERSION = YES_AGGRESSIVE;
				CLANG_CXX_LANGUAGE_STANDARD = "gnu++14";
				CLANG_CXX_LIBRARY = "libc++";
				CLANG_ENABLE_MODULES = YES;
				CLANG_ENABLE_OBJC_ARC = YES;
				CLANG_ENABLE_OBJC_WEAK = YES;
				CLANG_WARN_BLOCK_CAPTURE_AUTORELEASING = YES;
				CLANG_WARN_BOOL_CONVERSION = YES;
				CLANG_WARN_COMMA = YES;
				CLANG_WARN_CONSTANT_CONVERSION = YES;
				CLANG_WARN_DEPRECATED_OBJC_IMPLEMENTATIONS = YES;
				CLANG_WARN_DIRECT_OBJC_ISA_USAGE = YES_ERROR;
				CLANG_WARN_DOCUMENTATION_COMMENTS = YES;
				CLANG_WARN_EMPTY_BODY = YES;
				CLANG_WARN_ENUM_CONVERSION = YES;
				CLANG_WARN_INFINITE_RECURSION = YES;
				CLANG_WARN_INT_CONVERSION = YES;
				CLANG_WARN_NON_LITERAL_NULL_CONVERSION = YES;
				CLANG_WARN_OBJC_IMPLICIT_RETAIN_SELF = YES;
				CLANG_WARN_OBJC_LITERAL_CONVERSION = YES;
				CLANG_WARN_OBJC_ROOT_CLASS = YES_ERROR;
				CLANG_WARN_RANGE_LOOP_ANALYSIS = YES;
				CLANG_WARN_STRICT_PROTOTYPES = YES;
				CLANG_WARN_SUSPICIOUS_MOVE = YES;
				CLANG_WARN_UNGUARDED_AVAILABILITY = YES_AGGRESSIVE;
				CLANG_WARN_UNREACHABLE_CODE = YES;
				CLANG_WARN__DUPLICATE_METHOD_MATCH = YES;
				CODE_SIGN_IDENTITY = "iPhone Developer";
				COPY_PHASE_STRIP = NO;
				DEBUG_INFORMATION_FORMAT = dwarf;
				ENABLE_STRICT_OBJC_MSGSEND = YES;
				ENABLE_TESTABILITY = YES;
				GCC_C_LANGUAGE_STANDARD = gnu11;
				GCC_DYNAMIC_NO_PIC = NO;
				GCC_NO_COMMON_BLOCKS = YES;
				GCC_OPTIMIZATION_LEVEL = 0;
				GCC_PREPROCESSOR_DEFINITIONS = (
					"DEBUG=1",
					"$(inherited)",
				);
				GCC_WARN_64_TO_32_BIT_CONVERSION = YES;
				GCC_WARN_ABOUT_RETURN_TYPE = YES_ERROR;
				GCC_WARN_UNDECLARED_SELECTOR = YES;
				GCC_WARN_UNINITIALIZED_AUTOS = YES_AGGRESSIVE;
				GCC_WARN_UNUSED_FUNCTION = YES;
				GCC_WARN_UNUSED_VARIABLE = YES;
				IPHONEOS_DEPLOYMENT_TARGET = 11.4;
				MTL_ENABLE_DEBUG_INFO = YES;
				ONLY_ACTIVE_ARCH = YES;
				SDKROOT = iphoneos;
				SWIFT_ACTIVE_COMPILATION_CONDITIONS = DEBUG;
				SWIFT_OPTIMIZATION_LEVEL = "-Onone";
			};
			name = Debug;
		};
		BFCA6BFE215D80FF00C7736B /* Release */ = {
			isa = XCBuildConfiguration;
			buildSettings = {
				ALWAYS_SEARCH_USER_PATHS = NO;
				CLANG_ANALYZER_LOCALIZABILITY_NONLOCALIZED = YES;
				CLANG_ANALYZER_NONNULL = YES;
				CLANG_ANALYZER_NUMBER_OBJECT_CONVERSION = YES_AGGRESSIVE;
				CLANG_CXX_LANGUAGE_STANDARD = "gnu++14";
				CLANG_CXX_LIBRARY = "libc++";
				CLANG_ENABLE_MODULES = YES;
				CLANG_ENABLE_OBJC_ARC = YES;
				CLANG_ENABLE_OBJC_WEAK = YES;
				CLANG_WARN_BLOCK_CAPTURE_AUTORELEASING = YES;
				CLANG_WARN_BOOL_CONVERSION = YES;
				CLANG_WARN_COMMA = YES;
				CLANG_WARN_CONSTANT_CONVERSION = YES;
				CLANG_WARN_DEPRECATED_OBJC_IMPLEMENTATIONS = YES;
				CLANG_WARN_DIRECT_OBJC_ISA_USAGE = YES_ERROR;
				CLANG_WARN_DOCUMENTATION_COMMENTS = YES;
				CLANG_WARN_EMPTY_BODY = YES;
				CLANG_WARN_ENUM_CONVERSION = YES;
				CLANG_WARN_INFINITE_RECURSION = YES;
				CLANG_WARN_INT_CONVERSION = YES;
				CLANG_WARN_NON_LITERAL_NULL_CONVERSION = YES;
				CLANG_WARN_OBJC_IMPLICIT_RETAIN_SELF = YES;
				CLANG_WARN_OBJC_LITERAL_CONVERSION = YES;
				CLANG_WARN_OBJC_ROOT_CLASS = YES_ERROR;
				CLANG_WARN_RANGE_LOOP_ANALYSIS = YES;
				CLANG_WARN_STRICT_PROTOTYPES = YES;
				CLANG_WARN_SUSPICIOUS_MOVE = YES;
				CLANG_WARN_UNGUARDED_AVAILABILITY = YES_AGGRESSIVE;
				CLANG_WARN_UNREACHABLE_CODE = YES;
				CLANG_WARN__DUPLICATE_METHOD_MATCH = YES;
				CODE_SIGN_IDENTITY = "iPhone Developer";
				COPY_PHASE_STRIP = NO;
				DEBUG_INFORMATION_FORMAT = "dwarf-with-dsym";
				ENABLE_NS_ASSERTIONS = NO;
				ENABLE_STRICT_OBJC_MSGSEND = YES;
				GCC_C_LANGUAGE_STANDARD = gnu11;
				GCC_NO_COMMON_BLOCKS = YES;
				GCC_WARN_64_TO_32_BIT_CONVERSION = YES;
				GCC_WARN_ABOUT_RETURN_TYPE = YES_ERROR;
				GCC_WARN_UNDECLARED_SELECTOR = YES;
				GCC_WARN_UNINITIALIZED_AUTOS = YES_AGGRESSIVE;
				GCC_WARN_UNUSED_FUNCTION = YES;
				GCC_WARN_UNUSED_VARIABLE = YES;
				IPHONEOS_DEPLOYMENT_TARGET = 11.4;
				MTL_ENABLE_DEBUG_INFO = NO;
				SDKROOT = iphoneos;
				SWIFT_COMPILATION_MODE = wholemodule;
				SWIFT_OPTIMIZATION_LEVEL = "-O";
				VALIDATE_PRODUCT = YES;
			};
			name = Release;
		};
		BFCA6C00215D80FF00C7736B /* Debug */ = {
			isa = XCBuildConfiguration;
			baseConfigurationReference = A0A3F0747DF8C9A01C74EF11 /* Pods-SwiftGen.debug.xcconfig */;
			buildSettings = {
				ASSETCATALOG_COMPILER_APPICON_NAME = AppIcon;
				CODE_SIGN_STYLE = Automatic;
				DEVELOPMENT_TEAM = W3F5TKW2X2;
				INFOPLIST_FILE = SwiftGen/Info.plist;
				LD_RUNPATH_SEARCH_PATHS = (
					"$(inherited)",
					"@executable_path/Frameworks",
				);
				PRODUCT_BUNDLE_IDENTIFIER = com.lenabru.SwiftGen;
				PRODUCT_NAME = "$(TARGET_NAME)";
				SWIFT_VERSION = 4.0;
				TARGETED_DEVICE_FAMILY = "1,2";
			};
			name = Debug;
		};
		BFCA6C01215D80FF00C7736B /* Release */ = {
			isa = XCBuildConfiguration;
			baseConfigurationReference = A86923B5D0CFF8D1B035F912 /* Pods-SwiftGen.release.xcconfig */;
			buildSettings = {
				ASSETCATALOG_COMPILER_APPICON_NAME = AppIcon;
				CODE_SIGN_STYLE = Automatic;
				DEVELOPMENT_TEAM = W3F5TKW2X2;
				INFOPLIST_FILE = SwiftGen/Info.plist;
				LD_RUNPATH_SEARCH_PATHS = (
					"$(inherited)",
					"@executable_path/Frameworks",
				);
				PRODUCT_BUNDLE_IDENTIFIER = com.lenabru.SwiftGen;
				PRODUCT_NAME = "$(TARGET_NAME)";
				SWIFT_VERSION = 4.0;
				TARGETED_DEVICE_FAMILY = "1,2";
			};
			name = Release;
		};
		BFCA6C03215D80FF00C7736B /* Debug */ = {
			isa = XCBuildConfiguration;
			baseConfigurationReference = 973ABC895E4248FDFFB210EB /* Pods-SwiftGenTests.debug.xcconfig */;
			buildSettings = {
				ALWAYS_EMBED_SWIFT_STANDARD_LIBRARIES = YES;
				BUNDLE_LOADER = "$(TEST_HOST)";
				CODE_SIGN_STYLE = Automatic;
				DEVELOPMENT_TEAM = W3F5TKW2X2;
				INFOPLIST_FILE = SwiftGenTests/Info.plist;
				LD_RUNPATH_SEARCH_PATHS = (
					"$(inherited)",
					"@executable_path/Frameworks",
					"@loader_path/Frameworks",
				);
				PRODUCT_BUNDLE_IDENTIFIER = com.lenabru.SwiftGenTests;
				PRODUCT_NAME = "$(TARGET_NAME)";
				SWIFT_VERSION = 4.0;
				TARGETED_DEVICE_FAMILY = "1,2";
				TEST_HOST = "$(BUILT_PRODUCTS_DIR)/SwiftGen.app/SwiftGen";
			};
			name = Debug;
		};
		BFCA6C04215D80FF00C7736B /* Release */ = {
			isa = XCBuildConfiguration;
			baseConfigurationReference = F4031C6495C2F77A84B73D73 /* Pods-SwiftGenTests.release.xcconfig */;
			buildSettings = {
				ALWAYS_EMBED_SWIFT_STANDARD_LIBRARIES = YES;
				BUNDLE_LOADER = "$(TEST_HOST)";
				CODE_SIGN_STYLE = Automatic;
				DEVELOPMENT_TEAM = W3F5TKW2X2;
				INFOPLIST_FILE = SwiftGenTests/Info.plist;
				LD_RUNPATH_SEARCH_PATHS = (
					"$(inherited)",
					"@executable_path/Frameworks",
					"@loader_path/Frameworks",
				);
				PRODUCT_BUNDLE_IDENTIFIER = com.lenabru.SwiftGenTests;
				PRODUCT_NAME = "$(TARGET_NAME)";
				SWIFT_VERSION = 4.0;
				TARGETED_DEVICE_FAMILY = "1,2";
				TEST_HOST = "$(BUILT_PRODUCTS_DIR)/SwiftGen.app/SwiftGen";
			};
			name = Release;
		};
		BFCA6C06215D80FF00C7736B /* Debug */ = {
			isa = XCBuildConfiguration;
			baseConfigurationReference = 6F4447D0E127C497C7A337AB /* Pods-SwiftGenUITests.debug.xcconfig */;
			buildSettings = {
				ALWAYS_EMBED_SWIFT_STANDARD_LIBRARIES = YES;
				CODE_SIGN_STYLE = Automatic;
				DEVELOPMENT_TEAM = W3F5TKW2X2;
				INFOPLIST_FILE = SwiftGenUITests/Info.plist;
				LD_RUNPATH_SEARCH_PATHS = (
					"$(inherited)",
					"@executable_path/Frameworks",
					"@loader_path/Frameworks",
				);
				PRODUCT_BUNDLE_IDENTIFIER = com.lenabru.SwiftGenUITests;
				PRODUCT_NAME = "$(TARGET_NAME)";
				SWIFT_VERSION = 4.0;
				TARGETED_DEVICE_FAMILY = "1,2";
				TEST_TARGET_NAME = SwiftGen;
			};
			name = Debug;
		};
		BFCA6C07215D80FF00C7736B /* Release */ = {
			isa = XCBuildConfiguration;
			baseConfigurationReference = 01278748D84C30AD6DEA5831 /* Pods-SwiftGenUITests.release.xcconfig */;
			buildSettings = {
				ALWAYS_EMBED_SWIFT_STANDARD_LIBRARIES = YES;
				CODE_SIGN_STYLE = Automatic;
				DEVELOPMENT_TEAM = W3F5TKW2X2;
				INFOPLIST_FILE = SwiftGenUITests/Info.plist;
				LD_RUNPATH_SEARCH_PATHS = (
					"$(inherited)",
					"@executable_path/Frameworks",
					"@loader_path/Frameworks",
				);
				PRODUCT_BUNDLE_IDENTIFIER = com.lenabru.SwiftGenUITests;
				PRODUCT_NAME = "$(TARGET_NAME)";
				SWIFT_VERSION = 4.0;
				TARGETED_DEVICE_FAMILY = "1,2";
				TEST_TARGET_NAME = SwiftGen;
			};
			name = Release;
		};
/* End XCBuildConfiguration section */

/* Begin XCConfigurationList section */
		BFCA6BD2215D80FC00C7736B /* Build configuration list for PBXProject "SwiftGen" */ = {
			isa = XCConfigurationList;
			buildConfigurations = (
				BFCA6BFD215D80FF00C7736B /* Debug */,
				BFCA6BFE215D80FF00C7736B /* Release */,
			);
			defaultConfigurationIsVisible = 0;
			defaultConfigurationName = Release;
		};
		BFCA6BFF215D80FF00C7736B /* Build configuration list for PBXNativeTarget "SwiftGen" */ = {
			isa = XCConfigurationList;
			buildConfigurations = (
				BFCA6C00215D80FF00C7736B /* Debug */,
				BFCA6C01215D80FF00C7736B /* Release */,
			);
			defaultConfigurationIsVisible = 0;
			defaultConfigurationName = Release;
		};
		BFCA6C02215D80FF00C7736B /* Build configuration list for PBXNativeTarget "SwiftGenTests" */ = {
			isa = XCConfigurationList;
			buildConfigurations = (
				BFCA6C03215D80FF00C7736B /* Debug */,
				BFCA6C04215D80FF00C7736B /* Release */,
			);
			defaultConfigurationIsVisible = 0;
			defaultConfigurationName = Release;
		};
		BFCA6C05215D80FF00C7736B /* Build configuration list for PBXNativeTarget "SwiftGenUITests" */ = {
			isa = XCConfigurationList;
			buildConfigurations = (
				BFCA6C06215D80FF00C7736B /* Debug */,
				BFCA6C07215D80FF00C7736B /* Release */,
			);
			defaultConfigurationIsVisible = 0;
			defaultConfigurationName = Release;
		};
/* End XCConfigurationList section */
	};
	rootObject = BFCA6BCF215D80FC00C7736B /* Project object */;
}
